
Microsoft Visual Studio Solution File, Format Version 12.00
# Visual Studio 15
VisualStudioVersion = 15.0.26124.0
MinimumVisualStudioVersion = 15.0.26124.0
Project("{FAE04EC0-301F-11D3-BF4B-00C04F79EFBC}") = "Domain", "Domain\Domain.csproj", "{A869C2E2-C10E-40A6-B933-76332FD0B772}"
EndProject
Project("{FAE04EC0-301F-11D3-BF4B-00C04F79EFBC}") = "Application", "Application\Application.csproj", "{3AE2AB77-452E-47ED-8183-07261BEDDE64}"
EndProject
Project("{FAE04EC0-301F-11D3-BF4B-00C04F79EFBC}") = "Persistence", "Persistence\Persistence.csproj", "{10F05BEB-7539-42E4-8566-073A5975922A}"
EndProject
Project("{FAE04EC0-301F-11D3-BF4B-00C04F79EFBC}") = "API", "API\API.csproj", "{60A43FAF-C52B-4E15-A908-02F95C4FCB43}"
EndProject
Global
	GlobalSection(SolutionConfigurationPlatforms) = preSolution
		Debug|Any CPU = Debug|Any CPU
		Debug|x64 = Debug|x64
		Debug|x86 = Debug|x86
		Release|Any CPU = Release|Any CPU
		Release|x64 = Release|x64
		Release|x86 = Release|x86
	EndGlobalSection
	GlobalSection(SolutionProperties) = preSolution
		HideSolutionNode = FALSE
	EndGlobalSection
	GlobalSection(ProjectConfigurationPlatforms) = postSolution
		{A869C2E2-C10E-40A6-B933-76332FD0B772}.Debug|Any CPU.ActiveCfg = Debug|Any CPU
		{A869C2E2-C10E-40A6-B933-76332FD0B772}.Debug|Any CPU.Build.0 = Debug|Any CPU
		{A869C2E2-C10E-40A6-B933-76332FD0B772}.Debug|x64.ActiveCfg = Debug|Any CPU
		{A869C2E2-C10E-40A6-B933-76332FD0B772}.Debug|x64.Build.0 = Debug|Any CPU
		{A869C2E2-C10E-40A6-B933-76332FD0B772}.Debug|x86.ActiveCfg = Debug|Any CPU
		{A869C2E2-C10E-40A6-B933-76332FD0B772}.Debug|x86.Build.0 = Debug|Any CPU
		{A869C2E2-C10E-40A6-B933-76332FD0B772}.Release|Any CPU.ActiveCfg = Release|Any CPU
		{A869C2E2-C10E-40A6-B933-76332FD0B772}.Release|Any CPU.Build.0 = Release|Any CPU
		{A869C2E2-C10E-40A6-B933-76332FD0B772}.Release|x64.ActiveCfg = Release|Any CPU
		{A869C2E2-C10E-40A6-B933-76332FD0B772}.Release|x64.Build.0 = Release|Any CPU
		{A869C2E2-C10E-40A6-B933-76332FD0B772}.Release|x86.ActiveCfg = Release|Any CPU
		{A869C2E2-C10E-40A6-B933-76332FD0B772}.Release|x86.Build.0 = Release|Any CPU
		{3AE2AB77-452E-47ED-8183-07261BEDDE64}.Debug|Any CPU.ActiveCfg = Debug|Any CPU
		{3AE2AB77-452E-47ED-8183-07261BEDDE64}.Debug|Any CPU.Build.0 = Debug|Any CPU
		{3AE2AB77-452E-47ED-8183-07261BEDDE64}.Debug|x64.ActiveCfg = Debug|Any CPU
		{3AE2AB77-452E-47ED-8183-07261BEDDE64}.Debug|x64.Build.0 = Debug|Any CPU
		{3AE2AB77-452E-47ED-8183-07261BEDDE64}.Debug|x86.ActiveCfg = Debug|Any CPU
		{3AE2AB77-452E-47ED-8183-07261BEDDE64}.Debug|x86.Build.0 = Debug|Any CPU
		{3AE2AB77-452E-47ED-8183-07261BEDDE64}.Release|Any CPU.ActiveCfg = Release|Any CPU
		{3AE2AB77-452E-47ED-8183-07261BEDDE64}.Release|Any CPU.Build.0 = Release|Any CPU
		{3AE2AB77-452E-47ED-8183-07261BEDDE64}.Release|x64.ActiveCfg = Release|Any CPU
		{3AE2AB77-452E-47ED-8183-07261BEDDE64}.Release|x64.Build.0 = Release|Any CPU
		{3AE2AB77-452E-47ED-8183-07261BEDDE64}.Release|x86.ActiveCfg = Release|Any CPU
		{3AE2AB77-452E-47ED-8183-07261BEDDE64}.Release|x86.Build.0 = Release|Any CPU
		{10F05BEB-7539-42E4-8566-073A5975922A}.Debug|Any CPU.ActiveCfg = Debug|Any CPU
		{10F05BEB-7539-42E4-8566-073A5975922A}.Debug|Any CPU.Build.0 = Debug|Any CPU
		{10F05BEB-7539-42E4-8566-073A5975922A}.Debug|x64.ActiveCfg = Debug|Any CPU
		{10F05BEB-7539-42E4-8566-073A5975922A}.Debug|x64.Build.0 = Debug|Any CPU
		{10F05BEB-7539-42E4-8566-073A5975922A}.Debug|x86.ActiveCfg = Debug|Any CPU
		{10F05BEB-7539-42E4-8566-073A5975922A}.Debug|x86.Build.0 = Debug|Any CPU
		{10F05BEB-7539-42E4-8566-073A5975922A}.Release|Any CPU.ActiveCfg = Release|Any CPU
		{10F05BEB-7539-42E4-8566-073A5975922A}.Release|Any CPU.Build.0 = Release|Any CPU
		{10F05BEB-7539-42E4-8566-073A5975922A}.Release|x64.ActiveCfg = Release|Any CPU
		{10F05BEB-7539-42E4-8566-073A5975922A}.Release|x64.Build.0 = Release|Any CPU
		{10F05BEB-7539-42E4-8566-073A5975922A}.Release|x86.ActiveCfg = Release|Any CPU
		{10F05BEB-7539-42E4-8566-073A5975922A}.Release|x86.Build.0 = Release|Any CPU
		{60A43FAF-C52B-4E15-A908-02F95C4FCB43}.Debug|Any CPU.ActiveCfg = Debug|Any CPU
		{60A43FAF-C52B-4E15-A908-02F95C4FCB43}.Debug|Any CPU.Build.0 = Debug|Any CPU
		{60A43FAF-C52B-4E15-A908-02F95C4FCB43}.Debug|x64.ActiveCfg = Debug|Any CPU
		{60A43FAF-C52B-4E15-A908-02F95C4FCB43}.Debug|x64.Build.0 = Debug|Any CPU
		{60A43FAF-C52B-4E15-A908-02F95C4FCB43}.Debug|x86.ActiveCfg = Debug|Any CPU
		{60A43FAF-C52B-4E15-A908-02F95C4FCB43}.Debug|x86.Build.0 = Debug|Any CPU
		{60A43FAF-C52B-4E15-A908-02F95C4FCB43}.Release|Any CPU.ActiveCfg = Release|Any CPU
		{60A43FAF-C52B-4E15-A908-02F95C4FCB43}.Release|Any CPU.Build.0 = Release|Any CPU
		{60A43FAF-C52B-4E15-A908-02F95C4FCB43}.Release|x64.ActiveCfg = Release|Any CPU
		{60A43FAF-C52B-4E15-A908-02F95C4FCB43}.Release|x64.Build.0 = Release|Any CPU
		{60A43FAF-C52B-4E15-A908-02F95C4FCB43}.Release|x86.ActiveCfg = Release|Any CPU
		{60A43FAF-C52B-4E15-A908-02F95C4FCB43}.Release|x86.Build.0 = Release|Any CPU
	EndGlobalSection
EndGlobal
